Microsoft Visual Studio Solution File, Format Version 12.00
# Visual Studio Version 17
VisualStudioVersion = 17.5.2.0
MinimumVisualStudioVersion = 10.0.40219.1
Project("{2150E333-8FDC-42A3-9474-1A3956D46DE8}") = "c#", "c#", "{1DBD47E2-544B-F58A-27AE-70AE938492FA}"
EndProject
Project("{FAE04EC0-301F-11D3-BF4B-00C04F79EFBC}") = "l01_1_package", "c#\l01_1_package\l01_1_package.csproj", "{55078F65-BACC-53C8-B3AA-D9768EB6B065}"
EndProject
Project("{FAE04EC0-301F-11D3-BF4B-00C04F79EFBC}") = "l01_2_package_internal", "c#\l01_2_package_internal\l01_2_package_internal.csproj", "{84800954-E8F9-8E32-1387-8EC53A677A06}"
EndProject
Project("{FAE04EC0-301F-11D3-BF4B-00C04F79EFBC}") = "l02_1_method", "c#\l02_1_method\l02_1_method.csproj", "{6333F9B8-01A3-381B-EB7A-C02451359B17}"
EndProject
Project("{FAE04EC0-301F-11D3-BF4B-00C04F79EFBC}") = "l02_2_recursion", "c#\l02_2_method2\l02_2_recursion.csproj", "{D43DC8F1-F639-184D-37A4-7AFFC1F79AC2}"
EndProject
Project("{FAE04EC0-301F-11D3-BF4B-00C04F79EFBC}") = "l02_3_para_send", "c#\l02_3_para_send\l02_3_para_send.csproj", "{FF51FBB6-EB1B-EF77-0E9B-9FD942C5FBDA}"
EndProject
Project("{FAE04EC0-301F-11D3-BF4B-00C04F79EFBC}") = "l02_4_out", "c#\l02_4_out\l02_4_out.csproj", "{042C5AAA-A46D-C649-FC1E-D7CF68E79367}"
EndProject
Project("{FAE04EC0-301F-11D3-BF4B-00C04F79EFBC}") = "l03_null", "c#\l03_null\l03_null.csproj", "{F558856C-BE57-F70C-3163-E417AB0C968B}"
EndProject
Global
	GlobalSection(SolutionConfigurationPlatforms) = preSolution
		Debug|Any CPU = Debug|Any CPU
		Release|Any CPU = Release|Any CPU
	EndGlobalSection
	GlobalSection(ProjectConfigurationPlatforms) = postSolution
		{55078F65-BACC-53C8-B3AA-D9768EB6B065}.Debug|Any CPU.ActiveCfg = Debug|Any CPU
		{55078F65-BACC-53C8-B3AA-D9768EB6B065}.Debug|Any CPU.Build.0 = Debug|Any CPU
		{55078F65-BACC-53C8-B3AA-D9768EB6B065}.Release|Any CPU.ActiveCfg = Release|Any CPU
		{55078F65-BACC-53C8-B3AA-D9768EB6B065}.Release|Any CPU.Build.0 = Release|Any CPU
		{84800954-E8F9-8E32-1387-8EC53A677A06}.Debug|Any CPU.ActiveCfg = Debug|Any CPU
		{84800954-E8F9-8E32-1387-8EC53A677A06}.Debug|Any CPU.Build.0 = Debug|Any CPU
		{84800954-E8F9-8E32-1387-8EC53A677A06}.Release|Any CPU.ActiveCfg = Release|Any CPU
		{84800954-E8F9-8E32-1387-8EC53A677A06}.Release|Any CPU.Build.0 = Release|Any CPU
		{6333F9B8-01A3-381B-EB7A-C02451359B17}.Debug|Any CPU.ActiveCfg = Debug|Any CPU
		{6333F9B8-01A3-381B-EB7A-C02451359B17}.Debug|Any CPU.Build.0 = Debug|Any CPU
		{6333F9B8-01A3-381B-EB7A-C02451359B17}.Release|Any CPU.ActiveCfg = Release|Any CPU
		{6333F9B8-01A3-381B-EB7A-C02451359B17}.Release|Any CPU.Build.0 = Release|Any CPU
		{D43DC8F1-F639-184D-37A4-7AFFC1F79AC2}.Debug|Any CPU.ActiveCfg = Debug|Any CPU
		{D43DC8F1-F639-184D-37A4-7AFFC1F79AC2}.Debug|Any CPU.Build.0 = Debug|Any CPU
		{D43DC8F1-F639-184D-37A4-7AFFC1F79AC2}.Release|Any CPU.ActiveCfg = Release|Any CPU
		{D43DC8F1-F639-184D-37A4-7AFFC1F79AC2}.Release|Any CPU.Build.0 = Release|Any CPU
		{FF51FBB6-EB1B-EF77-0E9B-9FD942C5FBDA}.Debug|Any CPU.ActiveCfg = Debug|Any CPU
		{FF51FBB6-EB1B-EF77-0E9B-9FD942C5FBDA}.Debug|Any CPU.Build.0 = Debug|Any CPU
		{FF51FBB6-EB1B-EF77-0E9B-9FD942C5FBDA}.Release|Any CPU.ActiveCfg = Release|Any CPU
		{FF51FBB6-EB1B-EF77-0E9B-9FD942C5FBDA}.Release|Any CPU.Build.0 = Release|Any CPU
		{042C5AAA-A46D-C649-FC1E-D7CF68E79367}.Debug|Any CPU.ActiveCfg = Debug|Any CPU
		{042C5AAA-A46D-C649-FC1E-D7CF68E79367}.Debug|Any CPU.Build.0 = Debug|Any CPU
		{042C5AAA-A46D-C649-FC1E-D7CF68E79367}.Release|Any CPU.ActiveCfg = Release|Any CPU
		{042C5AAA-A46D-C649-FC1E-D7CF68E79367}.Release|Any CPU.Build.0 = Release|Any CPU
		{F558856C-BE57-F70C-3163-E417AB0C968B}.Debug|Any CPU.ActiveCfg = Debug|Any CPU
		{F558856C-BE57-F70C-3163-E417AB0C968B}.Debug|Any CPU.Build.0 = Debug|Any CPU
		{F558856C-BE57-F70C-3163-E417AB0C968B}.Release|Any CPU.ActiveCfg = Release|Any CPU
		{F558856C-BE57-F70C-3163-E417AB0C968B}.Release|Any CPU.Build.0 = Release|Any CPU
	EndGlobalSection
	GlobalSection(SolutionProperties) = preSolution
		HideSolutionNode = FALSE
	EndGlobalSection
	GlobalSection(NestedProjects) = preSolution
		{55078F65-BACC-53C8-B3AA-D9768EB6B065} = {1DBD47E2-544B-F58A-27AE-70AE938492FA}
		{84800954-E8F9-8E32-1387-8EC53A677A06} = {1DBD47E2-544B-F58A-27AE-70AE938492FA}
		{6333F9B8-01A3-381B-EB7A-C02451359B17} = {1DBD47E2-544B-F58A-27AE-70AE938492FA}
		{D43DC8F1-F639-184D-37A4-7AFFC1F79AC2} = {1DBD47E2-544B-F58A-27AE-70AE938492FA}
		{FF51FBB6-EB1B-EF77-0E9B-9FD942C5FBDA} = {1DBD47E2-544B-F58A-27AE-70AE938492FA}
		{042C5AAA-A46D-C649-FC1E-D7CF68E79367} = {1DBD47E2-544B-F58A-27AE-70AE938492FA}
		{F558856C-BE57-F70C-3163-E417AB0C968B} = {1DBD47E2-544B-F58A-27AE-70AE938492FA}
	EndGlobalSection
	GlobalSection(ExtensibilityGlobals) = postSolution
		SolutionGuid = {849811F8-F08F-4105-AF46-4C4C8D6BE4E6}
	EndGlobalSection
EndGlobal
